
Microsoft Visual Studio Solution File, Format Version 12.00
# Visual Studio Version 17
VisualStudioVersion = 17.0.31903.59
MinimumVisualStudioVersion = 10.0.40219.1
Project("{2150E333-8FDC-42A3-9474-1A3956D46DE8}") = "src", "src", "{827E0CD3-B72D-47B6-A68D-7590B98EB39B}"
EndProject
Project("{FAE04EC0-301F-11D3-BF4B-00C04F79EFBC}") = "HealthTracker.Cli", "src\HealthTracker.Cli\HealthTracker.Cli.csproj", "{E191F1A6-10C8-4AB1-A6B7-C0CBF4C0D803}"
EndProject
Project("{FAE04EC0-301F-11D3-BF4B-00C04F79EFBC}") = "HealthTracker.Api", "src\HealthTracker.Api\HealthTracker.Api.csproj", "{1937544A-D441-47C0-B26E-0696854B8DF2}"
EndProject
Project("{FAE04EC0-301F-11D3-BF4B-00C04F79EFBC}") = "HealthTracker.Core", "src\HealthTracker.Core\HealthTracker.Core.csproj", "{26A7156C-F68A-45AE-A898-41635AF6DE19}"
EndProject
Project("{2150E333-8FDC-42A3-9474-1A3956D46DE8}") = "tests", "tests", "{0AB3BF05-4346-4AA6-1389-037BE0695223}"
EndProject
Project("{FAE04EC0-301F-11D3-BF4B-00C04F79EFBC}") = "HealthTracker.Tests", "tests\HealthTracker.Tests\HealthTracker.Tests.csproj", "{60E21963-0F03-42B1-BA19-DB9C3A31E0C6}"
EndProject
Global
	GlobalSection(SolutionConfigurationPlatforms) = preSolution
		Debug|Any CPU = Debug|Any CPU
		Debug|x64 = Debug|x64
		Debug|x86 = Debug|x86
		Release|Any CPU = Release|Any CPU
		Release|x64 = Release|x64
		Release|x86 = Release|x86
	EndGlobalSection
	GlobalSection(ProjectConfigurationPlatforms) = postSolution
		{E191F1A6-10C8-4AB1-A6B7-C0CBF4C0D803}.Debug|Any CPU.ActiveCfg = Debug|Any CPU
		{E191F1A6-10C8-4AB1-A6B7-C0CBF4C0D803}.Debug|Any CPU.Build.0 = Debug|Any CPU
		{E191F1A6-10C8-4AB1-A6B7-C0CBF4C0D803}.Debug|x64.ActiveCfg = Debug|Any CPU
		{E191F1A6-10C8-4AB1-A6B7-C0CBF4C0D803}.Debug|x64.Build.0 = Debug|Any CPU
		{E191F1A6-10C8-4AB1-A6B7-C0CBF4C0D803}.Debug|x86.ActiveCfg = Debug|Any CPU
		{E191F1A6-10C8-4AB1-A6B7-C0CBF4C0D803}.Debug|x86.Build.0 = Debug|Any CPU
		{E191F1A6-10C8-4AB1-A6B7-C0CBF4C0D803}.Release|Any CPU.ActiveCfg = Release|Any CPU
		{E191F1A6-10C8-4AB1-A6B7-C0CBF4C0D803}.Release|Any CPU.Build.0 = Release|Any CPU
		{E191F1A6-10C8-4AB1-A6B7-C0CBF4C0D803}.Release|x64.ActiveCfg = Release|Any CPU
		{E191F1A6-10C8-4AB1-A6B7-C0CBF4C0D803}.Release|x64.Build.0 = Release|Any CPU
		{E191F1A6-10C8-4AB1-A6B7-C0CBF4C0D803}.Release|x86.ActiveCfg = Release|Any CPU
		{E191F1A6-10C8-4AB1-A6B7-C0CBF4C0D803}.Release|x86.Build.0 = Release|Any CPU
		{1937544A-D441-47C0-B26E-0696854B8DF2}.Debug|Any CPU.ActiveCfg = Debug|Any CPU
		{1937544A-D441-47C0-B26E-0696854B8DF2}.Debug|Any CPU.Build.0 = Debug|Any CPU
		{1937544A-D441-47C0-B26E-0696854B8DF2}.Debug|x64.ActiveCfg = Debug|Any CPU
		{1937544A-D441-47C0-B26E-0696854B8DF2}.Debug|x64.Build.0 = Debug|Any CPU
		{1937544A-D441-47C0-B26E-0696854B8DF2}.Debug|x86.ActiveCfg = Debug|Any CPU
		{1937544A-D441-47C0-B26E-0696854B8DF2}.Debug|x86.Build.0 = Debug|Any CPU
		{1937544A-D441-47C0-B26E-0696854B8DF2}.Release|Any CPU.ActiveCfg = Release|Any CPU
		{1937544A-D441-47C0-B26E-0696854B8DF2}.Release|Any CPU.Build.0 = Release|Any CPU
		{1937544A-D441-47C0-B26E-0696854B8DF2}.Release|x64.ActiveCfg = Release|Any CPU
		{1937544A-D441-47C0-B26E-0696854B8DF2}.Release|x64.Build.0 = Release|Any CPU
		{1937544A-D441-47C0-B26E-0696854B8DF2}.Release|x86.ActiveCfg = Release|Any CPU
		{1937544A-D441-47C0-B26E-0696854B8DF2}.Release|x86.Build.0 = Release|Any CPU
		{26A7156C-F68A-45AE-A898-41635AF6DE19}.Debug|Any CPU.ActiveCfg = Debug|Any CPU
		{26A7156C-F68A-45AE-A898-41635AF6DE19}.Debug|Any CPU.Build.0 = Debug|Any CPU
		{26A7156C-F68A-45AE-A898-41635AF6DE19}.Debug|x64.ActiveCfg = Debug|Any CPU
		{26A7156C-F68A-45AE-A898-41635AF6DE19}.Debug|x64.Build.0 = Debug|Any CPU
		{26A7156C-F68A-45AE-A898-41635AF6DE19}.Debug|x86.ActiveCfg = Debug|Any CPU
		{26A7156C-F68A-45AE-A898-41635AF6DE19}.Debug|x86.Build.0 = Debug|Any CPU
		{26A7156C-F68A-45AE-A898-41635AF6DE19}.Release|Any CPU.ActiveCfg = Release|Any CPU
		{26A7156C-F68A-45AE-A898-41635AF6DE19}.Release|Any CPU.Build.0 = Release|Any CPU
		{26A7156C-F68A-45AE-A898-41635AF6DE19}.Release|x64.ActiveCfg = Release|Any CPU
		{26A7156C-F68A-45AE-A898-41635AF6DE19}.Release|x64.Build.0 = Release|Any CPU
		{26A7156C-F68A-45AE-A898-41635AF6DE19}.Release|x86.ActiveCfg = Release|Any CPU
		{26A7156C-F68A-45AE-A898-41635AF6DE19}.Release|x86.Build.0 = Release|Any CPU
		{60E21963-0F03-42B1-BA19-DB9C3A31E0C6}.Debug|Any CPU.ActiveCfg = Debug|Any CPU
		{60E21963-0F03-42B1-BA19-DB9C3A31E0C6}.Debug|Any CPU.Build.0 = Debug|Any CPU
		{60E21963-0F03-42B1-BA19-DB9C3A31E0C6}.Debug|x64.ActiveCfg = Debug|Any CPU
		{60E21963-0F03-42B1-BA19-DB9C3A31E0C6}.Debug|x64.Build.0 = Debug|Any CPU
		{60E21963-0F03-42B1-BA19-DB9C3A31E0C6}.Debug|x86.ActiveCfg = Debug|Any CPU
		{60E21963-0F03-42B1-BA19-DB9C3A31E0C6}.Debug|x86.Build.0 = Debug|Any CPU
		{60E21963-0F03-42B1-BA19-DB9C3A31E0C6}.Release|Any CPU.ActiveCfg = Release|Any CPU
		{60E21963-0F03-42B1-BA19-DB9C3A31E0C6}.Release|Any CPU.Build.0 = Release|Any CPU
		{60E21963-0F03-42B1-BA19-DB9C3A31E0C6}.Release|x64.ActiveCfg = Release|Any CPU
		{60E21963-0F03-42B1-BA19-DB9C3A31E0C6}.Release|x64.Build.0 = Release|Any CPU
		{60E21963-0F03-42B1-BA19-DB9C3A31E0C6}.Release|x86.ActiveCfg = Release|Any CPU
		{60E21963-0F03-42B1-BA19-DB9C3A31E0C6}.Release|x86.Build.0 = Release|Any CPU
	EndGlobalSection
	GlobalSection(SolutionProperties) = preSolution
		HideSolutionNode = FALSE
	EndGlobalSection
	GlobalSection(NestedProjects) = preSolution
		{E191F1A6-10C8-4AB1-A6B7-C0CBF4C0D803} = {827E0CD3-B72D-47B6-A68D-7590B98EB39B}
		{1937544A-D441-47C0-B26E-0696854B8DF2} = {827E0CD3-B72D-47B6-A68D-7590B98EB39B}
		{26A7156C-F68A-45AE-A898-41635AF6DE19} = {827E0CD3-B72D-47B6-A68D-7590B98EB39B}
		{60E21963-0F03-42B1-BA19-DB9C3A31E0C6} = {0AB3BF05-4346-4AA6-1389-037BE0695223}
	EndGlobalSection
EndGlobal
